
Microsoft Visual Studio Solution File, Format Version 12.00
# Visual Studio 2013
VisualStudioVersion = 12.0.30723.0
MinimumVisualStudioVersion = 10.0.40219.1
Project("{FAE04EC0-301F-11D3-BF4B-00C04F79EFBC}") = "listener.Console", "listener.Console\listener.Console.csproj", "{DAF1AF48-6055-471A-9D41-0B0BA7B3AD3D}"
EndProject
Global
	GlobalSection(SolutionConfigurationPlatforms) = preSolution
		Debug|Any CPU = Debug|Any CPU
		Release|Any CPU = Release|Any CPU
	EndGlobalSection
	GlobalSection(ProjectConfigurationPlatforms) = postSolution
		{DAF1AF48-6055-471A-9D41-0B0BA7B3AD3D}.Debug|Any CPU.ActiveCfg = Debug|Any CPU
		{DAF1AF48-6055-471A-9D41-0B0BA7B3AD3D}.Debug|Any CPU.Build.0 = Debug|Any CPU
		{DAF1AF48-6055-471A-9D41-0B0BA7B3AD3D}.Release|Any CPU.ActiveCfg = Release|Any CPU
		{DAF1AF48-6055-471A-9D41-0B0BA7B3AD3D}.Release|Any CPU.Build.0 = Release|Any CPU
	EndGlobalSection
	GlobalSection(SolutionProperties) = preSolution
		HideSolutionNode = FALSE
	EndGlobalSection
EndGlobal
