
Microsoft Visual Studio Solution File, Format Version 12.00
# Visual Studio 2013
VisualStudioVersion = 12.0.21005.1
MinimumVisualStudioVersion = 10.0.40219.1
Project("{FAE04EC0-301F-11D3-BF4B-00C04F79EFBC}") = "listener.Console", "listener.Console\listener.Console.csproj", "{DAF1AF48-6055-471A-9D41-0B0BA7B3AD3D}"
EndProject
Project("{FAE04EC0-301F-11D3-BF4B-00C04F79EFBC}") = "listener.Bg", "listener.Bg\listener.Bg.csproj", "{BC25A9E0-2515-4F64-9747-896D4E694306}"
EndProject
Project("{FAE04EC0-301F-11D3-BF4B-00C04F79EFBC}") = "listener.Web", "listener.Web\listener.Web.csproj", "{B9A963C2-7FB1-43BB-91A7-C1B40BBDC91B}"
EndProject
Project("{FAE04EC0-301F-11D3-BF4B-00C04F79EFBC}") = "listener.Common", "listener.Common\listener.Common.csproj", "{BC798C3A-904F-4F8B-BF90-DFCAD8B63AB8}"
EndProject
Project("{2150E333-8FDC-42A3-9474-1A3956D46DE8}") = ".nuget", ".nuget", "{91BF2AAF-2ACF-4611-A99E-115D11CDF88B}"
	ProjectSection(SolutionItems) = preProject
		.nuget\packages.config = .nuget\packages.config
	EndProjectSection
EndProject
Global
	GlobalSection(SolutionConfigurationPlatforms) = preSolution
		Debug|Any CPU = Debug|Any CPU
		Release|Any CPU = Release|Any CPU
	EndGlobalSection
	GlobalSection(ProjectConfigurationPlatforms) = postSolution
		{DAF1AF48-6055-471A-9D41-0B0BA7B3AD3D}.Debug|Any CPU.ActiveCfg = Debug|Any CPU
		{DAF1AF48-6055-471A-9D41-0B0BA7B3AD3D}.Debug|Any CPU.Build.0 = Debug|Any CPU
		{DAF1AF48-6055-471A-9D41-0B0BA7B3AD3D}.Release|Any CPU.ActiveCfg = Release|Any CPU
		{DAF1AF48-6055-471A-9D41-0B0BA7B3AD3D}.Release|Any CPU.Build.0 = Release|Any CPU
		{BC25A9E0-2515-4F64-9747-896D4E694306}.Debug|Any CPU.ActiveCfg = Debug|Any CPU
		{BC25A9E0-2515-4F64-9747-896D4E694306}.Debug|Any CPU.Build.0 = Debug|Any CPU
		{BC25A9E0-2515-4F64-9747-896D4E694306}.Release|Any CPU.ActiveCfg = Release|Any CPU
		{BC25A9E0-2515-4F64-9747-896D4E694306}.Release|Any CPU.Build.0 = Release|Any CPU
		{B9A963C2-7FB1-43BB-91A7-C1B40BBDC91B}.Debug|Any CPU.ActiveCfg = Debug|Any CPU
		{B9A963C2-7FB1-43BB-91A7-C1B40BBDC91B}.Debug|Any CPU.Build.0 = Debug|Any CPU
		{B9A963C2-7FB1-43BB-91A7-C1B40BBDC91B}.Release|Any CPU.ActiveCfg = Release|Any CPU
		{B9A963C2-7FB1-43BB-91A7-C1B40BBDC91B}.Release|Any CPU.Build.0 = Release|Any CPU
		{BC798C3A-904F-4F8B-BF90-DFCAD8B63AB8}.Debug|Any CPU.ActiveCfg = Debug|Any CPU
		{BC798C3A-904F-4F8B-BF90-DFCAD8B63AB8}.Debug|Any CPU.Build.0 = Debug|Any CPU
		{BC798C3A-904F-4F8B-BF90-DFCAD8B63AB8}.Release|Any CPU.ActiveCfg = Release|Any CPU
		{BC798C3A-904F-4F8B-BF90-DFCAD8B63AB8}.Release|Any CPU.Build.0 = Release|Any CPU
	EndGlobalSection
	GlobalSection(SolutionProperties) = preSolution
		HideSolutionNode = FALSE
	EndGlobalSection
EndGlobal
